// !$*UTF8*$!
{
	archiveVersion = 1;
	classes = {
	};
	objectVersion = 46;
	objects = {

/* Begin PBXBuildFile section */
		5C6CC6DF1EAC88D700ABD0F7 /* JsonifyIOS.h in Headers */ = {isa = PBXBuildFile; fileRef = 5C6CC6DD1EAC88D700ABD0F7 /* JsonifyIOS.h */; settings = {ATTRIBUTES = (Public, ); }; };
		5C6CC6EC1EAC88E000ABD0F7 /* JsonifyOSX.h in Headers */ = {isa = PBXBuildFile; fileRef = 5C6CC6EA1EAC88E000ABD0F7 /* JsonifyOSX.h */; settings = {ATTRIBUTES = (Public, ); }; };
		5C6CC6F31EAC88E800ABD0F7 /* Jsonify.swift in Sources */ = {isa = PBXBuildFile; fileRef = 5C6CC6F11EAC88E800ABD0F7 /* Jsonify.swift */; };
		5C6CC6F41EAC88E800ABD0F7 /* JsonifyModel.swift in Sources */ = {isa = PBXBuildFile; fileRef = 5C6CC6F21EAC88E800ABD0F7 /* JsonifyModel.swift */; };
		5C6CC6F51EAC88EF00ABD0F7 /* Jsonify.swift in Sources */ = {isa = PBXBuildFile; fileRef = 5C6CC6F11EAC88E800ABD0F7 /* Jsonify.swift */; };
		5C6CC6F61EAC88EF00ABD0F7 /* JsonifyModel.swift in Sources */ = {isa = PBXBuildFile; fileRef = 5C6CC6F21EAC88E800ABD0F7 /* JsonifyModel.swift */; };
		5C6CC6FB1EAC898400ABD0F7 /* Foundation.framework in Frameworks */ = {isa = PBXBuildFile; fileRef = 5C6CC6FA1EAC898400ABD0F7 /* Foundation.framework */; };
		5C6CC6FD1EAC898900ABD0F7 /* Foundation.framework in Frameworks */ = {isa = PBXBuildFile; fileRef = 5C6CC6FC1EAC898900ABD0F7 /* Foundation.framework */; };
		5C984F561EAC955A00100B13 /* JsonifyWatchOS.h in Headers */ = {isa = PBXBuildFile; fileRef = 5C984F541EAC955A00100B13 /* JsonifyWatchOS.h */; settings = {ATTRIBUTES = (Public, ); }; };
		5C984F5A1EAC956100100B13 /* Jsonify.swift in Sources */ = {isa = PBXBuildFile; fileRef = 5C6CC6F11EAC88E800ABD0F7 /* Jsonify.swift */; };
		5C984F5B1EAC956100100B13 /* JsonifyModel.swift in Sources */ = {isa = PBXBuildFile; fileRef = 5C6CC6F21EAC88E800ABD0F7 /* JsonifyModel.swift */; };
		5C984F651EAC956A00100B13 /* JsonifyTVOS.h in Headers */ = {isa = PBXBuildFile; fileRef = 5C984F631EAC956A00100B13 /* JsonifyTVOS.h */; settings = {ATTRIBUTES = (Public, ); }; };
		5C984F691EAC956F00100B13 /* Jsonify.swift in Sources */ = {isa = PBXBuildFile; fileRef = 5C6CC6F11EAC88E800ABD0F7 /* Jsonify.swift */; };
		5C984F6A1EAC956F00100B13 /* JsonifyModel.swift in Sources */ = {isa = PBXBuildFile; fileRef = 5C6CC6F21EAC88E800ABD0F7 /* JsonifyModel.swift */; };
/* End PBXBuildFile section */

/* Begin PBXFileReference section */
		5C6CC6DB1EAC88D700ABD0F7 /* JsonifyIOS.framework */ = {isa = PBXFileReference; explicitFileType = wrapper.framework; includeInIndex = 0; path = JsonifyIOS.framework; sourceTree = BUILT_PRODUCTS_DIR; };
		5C6CC6DD1EAC88D700ABD0F7 /* JsonifyIOS.h */ = {isa = PBXFileReference; lastKnownFileType = sourcecode.c.h; path = JsonifyIOS.h; sourceTree = "<group>"; };
		5C6CC6DE1EAC88D700ABD0F7 /* Info.plist */ = {isa = PBXFileReference; lastKnownFileType = text.plist.xml; path = Info.plist; sourceTree = "<group>"; };
		5C6CC6E81EAC88E000ABD0F7 /* JsonifyOSX.framework */ = {isa = PBXFileReference; explicitFileType = wrapper.framework; includeInIndex = 0; path = JsonifyOSX.framework; sourceTree = BUILT_PRODUCTS_DIR; };
		5C6CC6EA1EAC88E000ABD0F7 /* JsonifyOSX.h */ = {isa = PBXFileReference; lastKnownFileType = sourcecode.c.h; path = JsonifyOSX.h; sourceTree = "<group>"; };
		5C6CC6EB1EAC88E000ABD0F7 /* Info.plist */ = {isa = PBXFileReference; lastKnownFileType = text.plist.xml; path = Info.plist; sourceTree = "<group>"; };
		5C6CC6F11EAC88E800ABD0F7 /* Jsonify.swift */ = {isa = PBXFileReference; fileEncoding = 4; lastKnownFileType = sourcecode.swift; path = Jsonify.swift; sourceTree = "<group>"; };
		5C6CC6F21EAC88E800ABD0F7 /* JsonifyModel.swift */ = {isa = PBXFileReference; fileEncoding = 4; lastKnownFileType = sourcecode.swift; path = JsonifyModel.swift; sourceTree = "<group>"; };
		5C6CC6FA1EAC898400ABD0F7 /* Foundation.framework */ = {isa = PBXFileReference; lastKnownFileType = wrapper.framework; name = Foundation.framework; path = Platforms/iPhoneOS.platform/Developer/SDKs/iPhoneOS10.3.sdk/System/Library/Frameworks/Foundation.framework; sourceTree = DEVELOPER_DIR; };
		5C6CC6FC1EAC898900ABD0F7 /* Foundation.framework */ = {isa = PBXFileReference; lastKnownFileType = wrapper.framework; name = Foundation.framework; path = System/Library/Frameworks/Foundation.framework; sourceTree = SDKROOT; };
		5C984F521EAC955A00100B13 /* JsonifyWatchOS.framework */ = {isa = PBXFileReference; explicitFileType = wrapper.framework; includeInIndex = 0; path = JsonifyWatchOS.framework; sourceTree = BUILT_PRODUCTS_DIR; };
		5C984F541EAC955A00100B13 /* JsonifyWatchOS.h */ = {isa = PBXFileReference; lastKnownFileType = sourcecode.c.h; path = JsonifyWatchOS.h; sourceTree = "<group>"; };
		5C984F551EAC955A00100B13 /* Info.plist */ = {isa = PBXFileReference; lastKnownFileType = text.plist.xml; path = Info.plist; sourceTree = "<group>"; };
		5C984F611EAC956A00100B13 /* JsonifyTVOS.framework */ = {isa = PBXFileReference; explicitFileType = wrapper.framework; includeInIndex = 0; path = JsonifyTVOS.framework; sourceTree = BUILT_PRODUCTS_DIR; };
		5C984F631EAC956A00100B13 /* JsonifyTVOS.h */ = {isa = PBXFileReference; lastKnownFileType = sourcecode.c.h; path = JsonifyTVOS.h; sourceTree = "<group>"; };
		5C984F641EAC956A00100B13 /* Info.plist */ = {isa = PBXFileReference; lastKnownFileType = text.plist.xml; path = Info.plist; sourceTree = "<group>"; };
/* End PBXFileReference section */

/* Begin PBXFrameworksBuildPhase section */
		5C6CC6D71EAC88D700ABD0F7 /* Frameworks */ = {
			isa = PBXFrameworksBuildPhase;
			buildActionMask = 2147483647;
			files = (
				5C6CC6FB1EAC898400ABD0F7 /* Foundation.framework in Frameworks */,
			);
			runOnlyForDeploymentPostprocessing = 0;
		};
		5C6CC6E41EAC88E000ABD0F7 /* Frameworks */ = {
			isa = PBXFrameworksBuildPhase;
			buildActionMask = 2147483647;
			files = (
				5C6CC6FD1EAC898900ABD0F7 /* Foundation.framework in Frameworks */,
			);
			runOnlyForDeploymentPostprocessing = 0;
		};
		5C984F4E1EAC955A00100B13 /* Frameworks */ = {
			isa = PBXFrameworksBuildPhase;
			buildActionMask = 2147483647;
			files = (
			);
			runOnlyForDeploymentPostprocessing = 0;
		};
		5C984F5D1EAC956A00100B13 /* Frameworks */ = {
			isa = PBXFrameworksBuildPhase;
			buildActionMask = 2147483647;
			files = (
			);
			runOnlyForDeploymentPostprocessing = 0;
		};
/* End PBXFrameworksBuildPhase section */

/* Begin PBXGroup section */
		5C6CC6DC1EAC88D700ABD0F7 /* JsonifyIOS */ = {
			isa = PBXGroup;
			children = (
				5C6CC6DD1EAC88D700ABD0F7 /* JsonifyIOS.h */,
				5C6CC6DE1EAC88D700ABD0F7 /* Info.plist */,
			);
			path = JsonifyIOS;
			sourceTree = "<group>";
		};
		5C6CC6E91EAC88E000ABD0F7 /* JsonifyOSX */ = {
			isa = PBXGroup;
			children = (
				5C6CC6EA1EAC88E000ABD0F7 /* JsonifyOSX.h */,
				5C6CC6EB1EAC88E000ABD0F7 /* Info.plist */,
			);
			path = JsonifyOSX;
			sourceTree = "<group>";
		};
		5C6CC6F01EAC88E800ABD0F7 /* Jsonify */ = {
			isa = PBXGroup;
			children = (
				5C6CC6F11EAC88E800ABD0F7 /* Jsonify.swift */,
				5C6CC6F21EAC88E800ABD0F7 /* JsonifyModel.swift */,
			);
			path = Jsonify;
			sourceTree = "<group>";
		};
		5C6CC6F91EAC898400ABD0F7 /* Frameworks */ = {
			isa = PBXGroup;
			children = (
				5C6CC6FC1EAC898900ABD0F7 /* Foundation.framework */,
				5C6CC6FA1EAC898400ABD0F7 /* Foundation.framework */,
			);
			name = Frameworks;
			sourceTree = "<group>";
		};
		5C7110BC1EAC88A000214A4B = {
			isa = PBXGroup;
			children = (
				5C6CC6F01EAC88E800ABD0F7 /* Jsonify */,
				5C6CC6DC1EAC88D700ABD0F7 /* JsonifyIOS */,
				5C6CC6E91EAC88E000ABD0F7 /* JsonifyOSX */,
				5C984F531EAC955A00100B13 /* JsonifyWatchOS */,
				5C984F621EAC956A00100B13 /* JsonifyTVOS */,
				5C7110C61EAC88A000214A4B /* Products */,
				5C6CC6F91EAC898400ABD0F7 /* Frameworks */,
			);
			sourceTree = "<group>";
		};
		5C7110C61EAC88A000214A4B /* Products */ = {
			isa = PBXGroup;
			children = (
				5C6CC6DB1EAC88D700ABD0F7 /* JsonifyIOS.framework */,
				5C6CC6E81EAC88E000ABD0F7 /* JsonifyOSX.framework */,
				5C984F521EAC955A00100B13 /* JsonifyWatchOS.framework */,
				5C984F611EAC956A00100B13 /* JsonifyTVOS.framework */,
			);
			name = Products;
			sourceTree = "<group>";
		};
		5C984F531EAC955A00100B13 /* JsonifyWatchOS */ = {
			isa = PBXGroup;
			children = (
				5C984F541EAC955A00100B13 /* JsonifyWatchOS.h */,
				5C984F551EAC955A00100B13 /* Info.plist */,
			);
			path = JsonifyWatchOS;
			sourceTree = "<group>";
		};
		5C984F621EAC956A00100B13 /* JsonifyTVOS */ = {
			isa = PBXGroup;
			children = (
				5C984F631EAC956A00100B13 /* JsonifyTVOS.h */,
				5C984F641EAC956A00100B13 /* Info.plist */,
			);
			path = JsonifyTVOS;
			sourceTree = "<group>";
		};
/* End PBXGroup section */

/* Begin PBXHeadersBuildPhase section */
		5C6CC6D81EAC88D700ABD0F7 /* Headers */ = {
			isa = PBXHeadersBuildPhase;
			buildActionMask = 2147483647;
			files = (
				5C6CC6DF1EAC88D700ABD0F7 /* JsonifyIOS.h in Headers */,
			);
			runOnlyForDeploymentPostprocessing = 0;
		};
		5C6CC6E51EAC88E000ABD0F7 /* Headers */ = {
			isa = PBXHeadersBuildPhase;
			buildActionMask = 2147483647;
			files = (
				5C6CC6EC1EAC88E000ABD0F7 /* JsonifyOSX.h in Headers */,
			);
			runOnlyForDeploymentPostprocessing = 0;
		};
		5C984F4F1EAC955A00100B13 /* Headers */ = {
			isa = PBXHeadersBuildPhase;
			buildActionMask = 2147483647;
			files = (
				5C984F561EAC955A00100B13 /* JsonifyWatchOS.h in Headers */,
			);
			runOnlyForDeploymentPostprocessing = 0;
		};
		5C984F5E1EAC956A00100B13 /* Headers */ = {
			isa = PBXHeadersBuildPhase;
			buildActionMask = 2147483647;
			files = (
				5C984F651EAC956A00100B13 /* JsonifyTVOS.h in Headers */,
			);
			runOnlyForDeploymentPostprocessing = 0;
		};
/* End PBXHeadersBuildPhase section */

/* Begin PBXNativeTarget section */
		5C6CC6DA1EAC88D700ABD0F7 /* JsonifyIOS */ = {
			isa = PBXNativeTarget;
			buildConfigurationList = 5C6CC6E21EAC88D700ABD0F7 /* Build configuration list for PBXNativeTarget "JsonifyIOS" */;
			buildPhases = (
				5C6CC6D61EAC88D700ABD0F7 /* Sources */,
				5C6CC6D71EAC88D700ABD0F7 /* Frameworks */,
				5C6CC6D81EAC88D700ABD0F7 /* Headers */,
				5C6CC6D91EAC88D700ABD0F7 /* Resources */,
			);
			buildRules = (
			);
			dependencies = (
			);
			name = JsonifyIOS;
			productName = JsonifyIOS;
			productReference = 5C6CC6DB1EAC88D700ABD0F7 /* JsonifyIOS.framework */;
			productType = "com.apple.product-type.framework";
		};
		5C6CC6E71EAC88E000ABD0F7 /* JsonifyOSX */ = {
			isa = PBXNativeTarget;
			buildConfigurationList = 5C6CC6ED1EAC88E000ABD0F7 /* Build configuration list for PBXNativeTarget "JsonifyOSX" */;
			buildPhases = (
				5C6CC6E31EAC88E000ABD0F7 /* Sources */,
				5C6CC6E41EAC88E000ABD0F7 /* Frameworks */,
				5C6CC6E51EAC88E000ABD0F7 /* Headers */,
				5C6CC6E61EAC88E000ABD0F7 /* Resources */,
			);
			buildRules = (
			);
			dependencies = (
			);
			name = JsonifyOSX;
			productName = JsonifyOSX;
			productReference = 5C6CC6E81EAC88E000ABD0F7 /* JsonifyOSX.framework */;
			productType = "com.apple.product-type.framework";
		};
		5C984F511EAC955A00100B13 /* JsonifyWatchOS */ = {
			isa = PBXNativeTarget;
			buildConfigurationList = 5C984F591EAC955A00100B13 /* Build configuration list for PBXNativeTarget "JsonifyWatchOS" */;
			buildPhases = (
				5C984F4D1EAC955A00100B13 /* Sources */,
				5C984F4E1EAC955A00100B13 /* Frameworks */,
				5C984F4F1EAC955A00100B13 /* Headers */,
				5C984F501EAC955A00100B13 /* Resources */,
			);
			buildRules = (
			);
			dependencies = (
			);
			name = JsonifyWatchOS;
			productName = JsonifyWatchOS;
			productReference = 5C984F521EAC955A00100B13 /* JsonifyWatchOS.framework */;
			productType = "com.apple.product-type.framework";
		};
		5C984F601EAC956A00100B13 /* JsonifyTVOS */ = {
			isa = PBXNativeTarget;
			buildConfigurationList = 5C984F661EAC956A00100B13 /* Build configuration list for PBXNativeTarget "JsonifyTVOS" */;
			buildPhases = (
				5C984F5C1EAC956A00100B13 /* Sources */,
				5C984F5D1EAC956A00100B13 /* Frameworks */,
				5C984F5E1EAC956A00100B13 /* Headers */,
				5C984F5F1EAC956A00100B13 /* Resources */,
			);
			buildRules = (
			);
			dependencies = (
			);
			name = JsonifyTVOS;
			productName = JsonifyTVOS;
			productReference = 5C984F611EAC956A00100B13 /* JsonifyTVOS.framework */;
			productType = "com.apple.product-type.framework";
		};
/* End PBXNativeTarget section */

/* Begin PBXProject section */
		5C7110BD1EAC88A000214A4B /* Project object */ = {
			isa = PBXProject;
			attributes = {
				LastSwiftUpdateCheck = 0830;
				LastUpgradeCheck = 0830;
				ORGANIZATIONNAME = Meniny;
				TargetAttributes = {
					5C6CC6DA1EAC88D700ABD0F7 = {
						CreatedOnToolsVersion = 8.3;
						DevelopmentTeam = 63YL5QDMNS;
						ProvisioningStyle = Automatic;
					};
					5C6CC6E71EAC88E000ABD0F7 = {
						CreatedOnToolsVersion = 8.3;
						DevelopmentTeam = 63YL5QDMNS;
						ProvisioningStyle = Automatic;
					};
					5C984F511EAC955A00100B13 = {
						CreatedOnToolsVersion = 8.3;
						DevelopmentTeam = 63YL5QDMNS;
						ProvisioningStyle = Automatic;
					};
					5C984F601EAC956A00100B13 = {
						CreatedOnToolsVersion = 8.3;
						DevelopmentTeam = 63YL5QDMNS;
						ProvisioningStyle = Automatic;
					};
				};
			};
			buildConfigurationList = 5C7110C01EAC88A000214A4B /* Build configuration list for PBXProject "Jsonify" */;
			compatibilityVersion = "Xcode 3.2";
			developmentRegion = English;
			hasScannedForEncodings = 0;
			knownRegions = (
				en,
				Base,
			);
			mainGroup = 5C7110BC1EAC88A000214A4B;
			productRefGroup = 5C7110C61EAC88A000214A4B /* Products */;
			projectDirPath = "";
			projectRoot = "";
			targets = (
				5C6CC6DA1EAC88D700ABD0F7 /* JsonifyIOS */,
				5C6CC6E71EAC88E000ABD0F7 /* JsonifyOSX */,
				5C984F511EAC955A00100B13 /* JsonifyWatchOS */,
				5C984F601EAC956A00100B13 /* JsonifyTVOS */,
			);
		};
/* End PBXProject section */

/* Begin PBXResourcesBuildPhase section */
		5C6CC6D91EAC88D700ABD0F7 /* Resources */ = {
			isa = PBXResourcesBuildPhase;
			buildActionMask = 2147483647;
			files = (
			);
			runOnlyForDeploymentPostprocessing = 0;
		};
		5C6CC6E61EAC88E000ABD0F7 /* Resources */ = {
			isa = PBXResourcesBuildPhase;
			buildActionMask = 2147483647;
			files = (
			);
			runOnlyForDeploymentPostprocessing = 0;
		};
		5C984F501EAC955A00100B13 /* Resources */ = {
			isa = PBXResourcesBuildPhase;
			buildActionMask = 2147483647;
			files = (
			);
			runOnlyForDeploymentPostprocessing = 0;
		};
		5C984F5F1EAC956A00100B13 /* Resources */ = {
			isa = PBXResourcesBuildPhase;
			buildActionMask = 2147483647;
			files = (
			);
			runOnlyForDeploymentPostprocessing = 0;
		};
/* End PBXResourcesBuildPhase section */

/* Begin PBXSourcesBuildPhase section */
		5C6CC6D61EAC88D700ABD0F7 /* Sources */ = {
			isa = PBXSourcesBuildPhase;
			buildActionMask = 2147483647;
			files = (
				5C6CC6F31EAC88E800ABD0F7 /* Jsonify.swift in Sources */,
				5C6CC6F41EAC88E800ABD0F7 /* JsonifyModel.swift in Sources */,
			);
			runOnlyForDeploymentPostprocessing = 0;
		};
		5C6CC6E31EAC88E000ABD0F7 /* Sources */ = {
			isa = PBXSourcesBuildPhase;
			buildActionMask = 2147483647;
			files = (
				5C6CC6F51EAC88EF00ABD0F7 /* Jsonify.swift in Sources */,
				5C6CC6F61EAC88EF00ABD0F7 /* JsonifyModel.swift in Sources */,
			);
			runOnlyForDeploymentPostprocessing = 0;
		};
		5C984F4D1EAC955A00100B13 /* Sources */ = {
			isa = PBXSourcesBuildPhase;
			buildActionMask = 2147483647;
			files = (
				5C984F5A1EAC956100100B13 /* Jsonify.swift in Sources */,
				5C984F5B1EAC956100100B13 /* JsonifyModel.swift in Sources */,
			);
			runOnlyForDeploymentPostprocessing = 0;
		};
		5C984F5C1EAC956A00100B13 /* Sources */ = {
			isa = PBXSourcesBuildPhase;
			buildActionMask = 2147483647;
			files = (
				5C984F691EAC956F00100B13 /* Jsonify.swift in Sources */,
				5C984F6A1EAC956F00100B13 /* JsonifyModel.swift in Sources */,
			);
			runOnlyForDeploymentPostprocessing = 0;
		};
/* End PBXSourcesBuildPhase section */

/* Begin XCBuildConfiguration section */
		5C6CC6E01EAC88D700ABD0F7 /* Debug */ = {
			isa = XCBuildConfiguration;
			buildSettings = {
				CODE_SIGN_IDENTITY = "";
				"CODE_SIGN_IDENTITY[sdk=iphoneos*]" = "iPhone Developer";
				CURRENT_PROJECT_VERSION = 1;
				DEFINES_MODULE = YES;
				DEVELOPMENT_TEAM = 63YL5QDMNS;
				DYLIB_COMPATIBILITY_VERSION = 1;
				DYLIB_CURRENT_VERSION = 1;
				DYLIB_INSTALL_NAME_BASE = "@rpath";
				INFOPLIST_FILE = JsonifyIOS/Info.plist;
				INSTALL_PATH = "$(LOCAL_LIBRARY_DIR)/Frameworks";
				IPHONEOS_DEPLOYMENT_TARGET = 10.3;
				LD_RUNPATH_SEARCH_PATHS = "$(inherited) @executable_path/Frameworks @loader_path/Frameworks";
				PRODUCT_BUNDLE_IDENTIFIER = cn.meniny.JsonifyIOS;
				PRODUCT_NAME = "$(TARGET_NAME)";
				SDKROOT = iphoneos;
				SKIP_INSTALL = YES;
				SWIFT_VERSION = 3.0;
				TARGETED_DEVICE_FAMILY = "1,2";
				VERSIONING_SYSTEM = "apple-generic";
				VERSION_INFO_PREFIX = "";
			};
			name = Debug;
		};
		5C6CC6E11EAC88D700ABD0F7 /* Release */ = {
			isa = XCBuildConfiguration;
			buildSettings = {
				CODE_SIGN_IDENTITY = "";
				"CODE_SIGN_IDENTITY[sdk=iphoneos*]" = "iPhone Developer";
				CURRENT_PROJECT_VERSION = 1;
				DEFINES_MODULE = YES;
				DEVELOPMENT_TEAM = 63YL5QDMNS;
				DYLIB_COMPATIBILITY_VERSION = 1;
				DYLIB_CURRENT_VERSION = 1;
				DYLIB_INSTALL_NAME_BASE = "@rpath";
				INFOPLIST_FILE = JsonifyIOS/Info.plist;
				INSTALL_PATH = "$(LOCAL_LIBRARY_DIR)/Frameworks";
				IPHONEOS_DEPLOYMENT_TARGET = 10.3;
				LD_RUNPATH_SEARCH_PATHS = "$(inherited) @executable_path/Frameworks @loader_path/Frameworks";
				PRODUCT_BUNDLE_IDENTIFIER = cn.meniny.JsonifyIOS;
				PRODUCT_NAME = "$(TARGET_NAME)";
				SDKROOT = iphoneos;
				SKIP_INSTALL = YES;
				SWIFT_VERSION = 3.0;
				TARGETED_DEVICE_FAMILY = "1,2";
				VALIDATE_PRODUCT = YES;
				VERSIONING_SYSTEM = "apple-generic";
				VERSION_INFO_PREFIX = "";
			};
			name = Release;
		};
		5C6CC6EE1EAC88E000ABD0F7 /* Debug */ = {
			isa = XCBuildConfiguration;
			buildSettings = {
				CODE_SIGN_IDENTITY = "";
				COMBINE_HIDPI_IMAGES = YES;
				CURRENT_PROJECT_VERSION = 1;
				DEFINES_MODULE = YES;
				DEVELOPMENT_TEAM = 63YL5QDMNS;
				DYLIB_COMPATIBILITY_VERSION = 1;
				DYLIB_CURRENT_VERSION = 1;
				DYLIB_INSTALL_NAME_BASE = "@rpath";
				FRAMEWORK_VERSION = A;
				INFOPLIST_FILE = JsonifyOSX/Info.plist;
				INSTALL_PATH = "$(LOCAL_LIBRARY_DIR)/Frameworks";
				LD_RUNPATH_SEARCH_PATHS = "$(inherited) @executable_path/../Frameworks @loader_path/Frameworks";
				PRODUCT_BUNDLE_IDENTIFIER = cn.meniny.JsonifyOSX;
				PRODUCT_NAME = "$(TARGET_NAME)";
				SKIP_INSTALL = YES;
				SWIFT_VERSION = 3.0;
				VERSIONING_SYSTEM = "apple-generic";
				VERSION_INFO_PREFIX = "";
			};
			name = Debug;
		};
		5C6CC6EF1EAC88E000ABD0F7 /* Release */ = {
			isa = XCBuildConfiguration;
			buildSettings = {
				CODE_SIGN_IDENTITY = "";
				COMBINE_HIDPI_IMAGES = YES;
				CURRENT_PROJECT_VERSION = 1;
				DEFINES_MODULE = YES;
				DEVELOPMENT_TEAM = 63YL5QDMNS;
				DYLIB_COMPATIBILITY_VERSION = 1;
				DYLIB_CURRENT_VERSION = 1;
				DYLIB_INSTALL_NAME_BASE = "@rpath";
				FRAMEWORK_VERSION = A;
				INFOPLIST_FILE = JsonifyOSX/Info.plist;
				INSTALL_PATH = "$(LOCAL_LIBRARY_DIR)/Frameworks";
				LD_RUNPATH_SEARCH_PATHS = "$(inherited) @executable_path/../Frameworks @loader_path/Frameworks";
				PRODUCT_BUNDLE_IDENTIFIER = cn.meniny.JsonifyOSX;
				PRODUCT_NAME = "$(TARGET_NAME)";
				SKIP_INSTALL = YES;
				SWIFT_VERSION = 3.0;
				VERSIONING_SYSTEM = "apple-generic";
				VERSION_INFO_PREFIX = "";
			};
			name = Release;
		};
		5C7110D21EAC88A000214A4B /* Debug */ = {
			isa = XCBuildConfiguration;
			buildSettings = {
				ALWAYS_SEARCH_USER_PATHS = NO;
				CLANG_ANALYZER_NONNULL = YES;
				CLANG_ANALYZER_NUMBER_OBJECT_CONVERSION = YES_AGGRESSIVE;
				CLANG_CXX_LANGUAGE_STANDARD = "gnu++0x";
				CLANG_CXX_LIBRARY = "libc++";
				CLANG_ENABLE_MODULES = YES;
				CLANG_ENABLE_OBJC_ARC = YES;
				CLANG_WARN_BOOL_CONVERSION = YES;
				CLANG_WARN_CONSTANT_CONVERSION = YES;
				CLANG_WARN_DIRECT_OBJC_ISA_USAGE = YES_ERROR;
				CLANG_WARN_DOCUMENTATION_COMMENTS = YES;
				CLANG_WARN_EMPTY_BODY = YES;
				CLANG_WARN_ENUM_CONVERSION = YES;
				CLANG_WARN_INFINITE_RECURSION = YES;
				CLANG_WARN_INT_CONVERSION = YES;
				CLANG_WARN_OBJC_ROOT_CLASS = YES_ERROR;
				CLANG_WARN_SUSPICIOUS_MOVE = YES;
				CLANG_WARN_UNREACHABLE_CODE = YES;
				CLANG_WARN__DUPLICATE_METHOD_MATCH = YES;
				CODE_SIGN_IDENTITY = "-";
				COPY_PHASE_STRIP = NO;
				DEBUG_INFORMATION_FORMAT = dwarf;
				ENABLE_STRICT_OBJC_MSGSEND = YES;
				ENABLE_TESTABILITY = YES;
				GCC_C_LANGUAGE_STANDARD = gnu99;
				GCC_DYNAMIC_NO_PIC = NO;
				GCC_NO_COMMON_BLOCKS = YES;
				GCC_OPTIMIZATION_LEVEL = 0;
				GCC_PREPROCESSOR_DEFINITIONS = (
					"DEBUG=1",
					"$(inherited)",
				);
				GCC_WARN_64_TO_32_BIT_CONVERSION = YES;
				GCC_WARN_ABOUT_RETURN_TYPE = YES_ERROR;
				GCC_WARN_UNDECLARED_SELECTOR = YES;
				GCC_WARN_UNINITIALIZED_AUTOS = YES_AGGRESSIVE;
				GCC_WARN_UNUSED_FUNCTION = YES;
				GCC_WARN_UNUSED_VARIABLE = YES;
				MACOSX_DEPLOYMENT_TARGET = 10.12;
				MTL_ENABLE_DEBUG_INFO = YES;
				ONLY_ACTIVE_ARCH = YES;
				SDKROOT = macosx;
				SWIFT_ACTIVE_COMPILATION_CONDITIONS = DEBUG;
				SWIFT_OPTIMIZATION_LEVEL = "-Onone";
			};
			name = Debug;
		};
		5C7110D31EAC88A000214A4B /* Release */ = {
			isa = XCBuildConfiguration;
			buildSettings = {
				ALWAYS_SEARCH_USER_PATHS = NO;
				CLANG_ANALYZER_NONNULL = YES;
				CLANG_ANALYZER_NUMBER_OBJECT_CONVERSION = YES_AGGRESSIVE;
				CLANG_CXX_LANGUAGE_STANDARD = "gnu++0x";
				CLANG_CXX_LIBRARY = "libc++";
				CLANG_ENABLE_MODULES = YES;
				CLANG_ENABLE_OBJC_ARC = YES;
				CLANG_WARN_BOOL_CONVERSION = YES;
				CLANG_WARN_CONSTANT_CONVERSION = YES;
				CLANG_WARN_DIRECT_OBJC_ISA_USAGE = YES_ERROR;
				CLANG_WARN_DOCUMENTATION_COMMENTS = YES;
				CLANG_WARN_EMPTY_BODY = YES;
				CLANG_WARN_ENUM_CONVERSION = YES;
				CLANG_WARN_INFINITE_RECURSION = YES;
				CLANG_WARN_INT_CONVERSION = YES;
				CLANG_WARN_OBJC_ROOT_CLASS = YES_ERROR;
				CLANG_WARN_SUSPICIOUS_MOVE = YES;
				CLANG_WARN_UNREACHABLE_CODE = YES;
				CLANG_WARN__DUPLICATE_METHOD_MATCH = YES;
				CODE_SIGN_IDENTITY = "-";
				COPY_PHASE_STRIP = NO;
				DEBUG_INFORMATION_FORMAT = "dwarf-with-dsym";
				ENABLE_NS_ASSERTIONS = NO;
				ENABLE_STRICT_OBJC_MSGSEND = YES;
				GCC_C_LANGUAGE_STANDARD = gnu99;
				GCC_NO_COMMON_BLOCKS = YES;
				GCC_WARN_64_TO_32_BIT_CONVERSION = YES;
				GCC_WARN_ABOUT_RETURN_TYPE = YES_ERROR;
				GCC_WARN_UNDECLARED_SELECTOR = YES;
				GCC_WARN_UNINITIALIZED_AUTOS = YES_AGGRESSIVE;
				GCC_WARN_UNUSED_FUNCTION = YES;
				GCC_WARN_UNUSED_VARIABLE = YES;
				MACOSX_DEPLOYMENT_TARGET = 10.12;
				MTL_ENABLE_DEBUG_INFO = NO;
				SDKROOT = macosx;
				SWIFT_OPTIMIZATION_LEVEL = "-Owholemodule";
			};
			name = Release;
		};
		5C984F571EAC955A00100B13 /* Debug */ = {
			isa = XCBuildConfiguration;
			buildSettings = {
				APPLICATION_EXTENSION_API_ONLY = YES;
				CODE_SIGN_IDENTITY = "";
				CURRENT_PROJECT_VERSION = 1;
				DEFINES_MODULE = YES;
				DEVELOPMENT_TEAM = 63YL5QDMNS;
				DYLIB_COMPATIBILITY_VERSION = 1;
				DYLIB_CURRENT_VERSION = 1;
				DYLIB_INSTALL_NAME_BASE = "@rpath";
				INFOPLIST_FILE = JsonifyWatchOS/Info.plist;
				INSTALL_PATH = "$(LOCAL_LIBRARY_DIR)/Frameworks";
				LD_RUNPATH_SEARCH_PATHS = "$(inherited) @executable_path/Frameworks @loader_path/Frameworks";
				PRODUCT_BUNDLE_IDENTIFIER = cn.meniny.JsonifyWatchOS;
				PRODUCT_NAME = "$(TARGET_NAME)";
				SDKROOT = watchos;
				SKIP_INSTALL = YES;
				SWIFT_VERSION = 3.0;
				TARGETED_DEVICE_FAMILY = 4;
				VERSIONING_SYSTEM = "apple-generic";
				VERSION_INFO_PREFIX = "";
				WATCHOS_DEPLOYMENT_TARGET = 3.2;
			};
			name = Debug;
		};
		5C984F581EAC955A00100B13 /* Release */ = {
			isa = XCBuildConfiguration;
			buildSettings = {
				APPLICATION_EXTENSION_API_ONLY = YES;
				CODE_SIGN_IDENTITY = "";
				CURRENT_PROJECT_VERSION = 1;
				DEFINES_MODULE = YES;
				DEVELOPMENT_TEAM = 63YL5QDMNS;
				DYLIB_COMPATIBILITY_VERSION = 1;
				DYLIB_CURRENT_VERSION = 1;
				DYLIB_INSTALL_NAME_BASE = "@rpath";
				INFOPLIST_FILE = JsonifyWatchOS/Info.plist;
				INSTALL_PATH = "$(LOCAL_LIBRARY_DIR)/Frameworks";
				LD_RUNPATH_SEARCH_PATHS = "$(inherited) @executable_path/Frameworks @loader_path/Frameworks";
				PRODUCT_BUNDLE_IDENTIFIER = cn.meniny.JsonifyWatchOS;
				PRODUCT_NAME = "$(TARGET_NAME)";
				SDKROOT = watchos;
				SKIP_INSTALL = YES;
				SWIFT_VERSION = 3.0;
				TARGETED_DEVICE_FAMILY = 4;
				VALIDATE_PRODUCT = YES;
				VERSIONING_SYSTEM = "apple-generic";
				VERSION_INFO_PREFIX = "";
				WATCHOS_DEPLOYMENT_TARGET = 3.2;
			};
			name = Release;
		};
		5C984F671EAC956A00100B13 /* Debug */ = {
			isa = XCBuildConfiguration;
			buildSettings = {
				CODE_SIGN_IDENTITY = "";
				CURRENT_PROJECT_VERSION = 1;
				DEFINES_MODULE = YES;
				DEVELOPMENT_TEAM = 63YL5QDMNS;
				DYLIB_COMPATIBILITY_VERSION = 1;
				DYLIB_CURRENT_VERSION = 1;
				DYLIB_INSTALL_NAME_BASE = "@rpath";
				INFOPLIST_FILE = JsonifyTVOS/Info.plist;
				INSTALL_PATH = "$(LOCAL_LIBRARY_DIR)/Frameworks";
				LD_RUNPATH_SEARCH_PATHS = "$(inherited) @executable_path/Frameworks @loader_path/Frameworks";
				PRODUCT_BUNDLE_IDENTIFIER = cn.meniny.JsonifyTVOS;
				PRODUCT_NAME = "$(TARGET_NAME)";
				SDKROOT = appletvos;
				SKIP_INSTALL = YES;
				SWIFT_VERSION = 3.0;
				TARGETED_DEVICE_FAMILY = 3;
				TVOS_DEPLOYMENT_TARGET = 10.2;
				VERSIONING_SYSTEM = "apple-generic";
				VERSION_INFO_PREFIX = "";
			};
			name = Debug;
		};
		5C984F681EAC956A00100B13 /* Release */ = {
			isa = XCBuildConfiguration;
			buildSettings = {
				CODE_SIGN_IDENTITY = "";
				CURRENT_PROJECT_VERSION = 1;
				DEFINES_MODULE = YES;
				DEVELOPMENT_TEAM = 63YL5QDMNS;
				DYLIB_COMPATIBILITY_VERSION = 1;
				DYLIB_CURRENT_VERSION = 1;
				DYLIB_INSTALL_NAME_BASE = "@rpath";
				INFOPLIST_FILE = JsonifyTVOS/Info.plist;
				INSTALL_PATH = "$(LOCAL_LIBRARY_DIR)/Frameworks";
				LD_RUNPATH_SEARCH_PATHS = "$(inherited) @executable_path/Frameworks @loader_path/Frameworks";
				PRODUCT_BUNDLE_IDENTIFIER = cn.meniny.JsonifyTVOS;
				PRODUCT_NAME = "$(TARGET_NAME)";
				SDKROOT = appletvos;
				SKIP_INSTALL = YES;
				SWIFT_VERSION = 3.0;
				TARGETED_DEVICE_FAMILY = 3;
				TVOS_DEPLOYMENT_TARGET = 10.2;
				VALIDATE_PRODUCT = YES;
				VERSIONING_SYSTEM = "apple-generic";
				VERSION_INFO_PREFIX = "";
			};
			name = Release;
		};
/* End XCBuildConfiguration section */

/* Begin XCConfigurationList section */
		5C6CC6E21EAC88D700ABD0F7 /* Build configuration list for PBXNativeTarget "JsonifyIOS" */ = {
			isa = XCConfigurationList;
			buildConfigurations = (
				5C6CC6E01EAC88D700ABD0F7 /* Debug */,
				5C6CC6E11EAC88D700ABD0F7 /* Release */,
			);
			defaultConfigurationIsVisible = 0;
			defaultConfigurationName = Release;
		};
		5C6CC6ED1EAC88E000ABD0F7 /* Build configuration list for PBXNativeTarget "JsonifyOSX" */ = {
			isa = XCConfigurationList;
			buildConfigurations = (
				5C6CC6EE1EAC88E000ABD0F7 /* Debug */,
				5C6CC6EF1EAC88E000ABD0F7 /* Release */,
			);
			defaultConfigurationIsVisible = 0;
			defaultConfigurationName = Release;
		};
		5C7110C01EAC88A000214A4B /* Build configuration list for PBXProject "Jsonify" */ = {
			isa = XCConfigurationList;
			buildConfigurations = (
				5C7110D21EAC88A000214A4B /* Debug */,
				5C7110D31EAC88A000214A4B /* Release */,
			);
			defaultConfigurationIsVisible = 0;
			defaultConfigurationName = Release;
		};
		5C984F591EAC955A00100B13 /* Build configuration list for PBXNativeTarget "JsonifyWatchOS" */ = {
			isa = XCConfigurationList;
			buildConfigurations = (
				5C984F571EAC955A00100B13 /* Debug */,
				5C984F581EAC955A00100B13 /* Release */,
			);
			defaultConfigurationIsVisible = 0;
		};
		5C984F661EAC956A00100B13 /* Build configuration list for PBXNativeTarget "JsonifyTVOS" */ = {
			isa = XCConfigurationList;
			buildConfigurations = (
				5C984F671EAC956A00100B13 /* Debug */,
				5C984F681EAC956A00100B13 /* Release */,
			);
			defaultConfigurationIsVisible = 0;
		};
/* End XCConfigurationList section */
	};
	rootObject = 5C7110BD1EAC88A000214A4B /* Project object */;
}
